
Microsoft Visual Studio Solution File, Format Version 12.00
# Visual Studio Version 17
VisualStudioVersion = 17.10.35013.160
MinimumVisualStudioVersion = 10.0.40219.1
Project("{9A19103F-16F7-4668-BE54-9A1E7A4F7556}") = "InyeccionDeDependencias2", "InyeccionDeDependencias2.csproj", "{B3475081-D216-459B-B0E9-ACF18983BE6E}"
EndProject
Project("{2150E333-8FDC-42A3-9474-1A3956D46DE8}") = "Elementos de la solución", "Elementos de la solución", "{B16BFAFF-3542-49E9-9D17-5095C4EF405D}"
	ProjectSection(SolutionItems) = preProject
		IMessageWriter.cs = IMessageWriter.cs
	EndProjectSection
EndProject
Global
	GlobalSection(SolutionConfigurationPlatforms) = preSolution
		Debug|Any CPU = Debug|Any CPU
		Release|Any CPU = Release|Any CPU
	EndGlobalSection
	GlobalSection(ProjectConfigurationPlatforms) = postSolution
		{B3475081-D216-459B-B0E9-ACF18983BE6E}.Debug|Any CPU.ActiveCfg = Debug|Any CPU
		{B3475081-D216-459B-B0E9-ACF18983BE6E}.Debug|Any CPU.Build.0 = Debug|Any CPU
		{B3475081-D216-459B-B0E9-ACF18983BE6E}.Release|Any CPU.ActiveCfg = Release|Any CPU
		{B3475081-D216-459B-B0E9-ACF18983BE6E}.Release|Any CPU.Build.0 = Release|Any CPU
	EndGlobalSection
	GlobalSection(SolutionProperties) = preSolution
		HideSolutionNode = FALSE
	EndGlobalSection
	GlobalSection(ExtensibilityGlobals) = postSolution
		SolutionGuid = {576380FE-0E31-4EF1-9C53-96080D173BB3}
	EndGlobalSection
EndGlobal
